# This file is generated by aru.
version = 3
package-input-hash = "sha256:f34ae0d69293d6f59ead906e26253e51ca1b1e6dc68cbdaa55effc12ab05c156"
projection-input-hash = "sha256:bd36a7643ff38cdf5ef431288ecb1c9e80c606c09ca5d099ba860c76cd19d939"

[[skill-package]]
source = "git+https://github.com/narumiruna/skills.git"
requirement = "version:*"
version = "0.9.1"
revision = "d3791b21e242aa7d6dcba1f7ff8e7accb3ee08fb"
repository-name = "skills"
targets = ["pi"]

[[skill-package.skills]]
name = "creating-agent-skills"
path = "skills/workflow-repository/creating-agent-skills"
sha256 = "sha256:184039a74f12dd15f4ccb9630a8a6d0dd36c65ee324cb4d0329cef7a68bfd905"

[[projection-baseline]]
target = "pi"
kind = "skill"
key = "creating-agent-skills"
sha256 = "sha256:184039a74f12dd15f4ccb9630a8a6d0dd36c65ee324cb4d0329cef7a68bfd905"
